
Microsoft Visual Studio Solution File, Format Version 12.00
# Visual Studio 15
VisualStudioVersion = 15.0.27703.2035
MinimumVisualStudioVersion = 10.0.40219.1
Project("{FAE04EC0-301F-11D3-BF4B-00C04F79EFBC}") = "TextToAscii", "TextToAscii\TextToAscii.csproj", "{AD1EC829-1415-4460-8C70-5BDE164D066E}"
EndProject
Project("{FAE04EC0-301F-11D3-BF4B-00C04F79EFBC}") = "TxtToAscii", "TxtToAscii\TxtToAscii.csproj", "{34B34680-B6F6-4155-A664-DC6ED3D828EC}"
EndProject
Global
	GlobalSection(SolutionConfigurationPlatforms) = preSolution
		Debug|Any CPU = Debug|Any CPU
		Release|Any CPU = Release|Any CPU
	EndGlobalSection
	GlobalSection(ProjectConfigurationPlatforms) = postSolution
		{AD1EC829-1415-4460-8C70-5BDE164D066E}.Debug|Any CPU.ActiveCfg = Debug|Any CPU
		{AD1EC829-1415-4460-8C70-5BDE164D066E}.Debug|Any CPU.Build.0 = Debug|Any CPU
		{AD1EC829-1415-4460-8C70-5BDE164D066E}.Release|Any CPU.ActiveCfg = Release|Any CPU
		{AD1EC829-1415-4460-8C70-5BDE164D066E}.Release|Any CPU.Build.0 = Release|Any CPU
		{34B34680-B6F6-4155-A664-DC6ED3D828EC}.Debug|Any CPU.ActiveCfg = Debug|Any CPU
		{34B34680-B6F6-4155-A664-DC6ED3D828EC}.Debug|Any CPU.Build.0 = Debug|Any CPU
		{34B34680-B6F6-4155-A664-DC6ED3D828EC}.Release|Any CPU.ActiveCfg = Release|Any CPU
		{34B34680-B6F6-4155-A664-DC6ED3D828EC}.Release|Any CPU.Build.0 = Release|Any CPU
	EndGlobalSection
	GlobalSection(SolutionProperties) = preSolution
		HideSolutionNode = FALSE
	EndGlobalSection
	GlobalSection(ExtensibilityGlobals) = postSolution
		SolutionGuid = {BD5B7029-9BEE-4D82-913E-8867F1A55544}
	EndGlobalSection
EndGlobal
